
Microsoft Visual Studio Solution File, Format Version 12.00
# Visual Studio Version 17
VisualStudioVersion = 17.14.36623.8
MinimumVisualStudioVersion = 10.0.40219.1
Project("{FAE04EC0-301F-11D3-BF4B-00C04F79EFBC}") = "GrapheneTrace", "GrapheneTrace\GrapheneTrace.csproj", "{4A95FCC5-9999-460B-AEBC-886F086F08AE}"
EndProject
Global
	GlobalSection(SolutionConfigurationPlatforms) = preSolution
		Debug|Any CPU = Debug|Any CPU
		Release|Any CPU = Release|Any CPU
	EndGlobalSection
	GlobalSection(ProjectConfigurationPlatforms) = postSolution
		{4A95FCC5-9999-460B-AEBC-886F086F08AE}.Debug|Any CPU.ActiveCfg = Debug|Any CPU
		{4A95FCC5-9999-460B-AEBC-886F086F08AE}.Debug|Any CPU.Build.0 = Debug|Any CPU
		{4A95FCC5-9999-460B-AEBC-886F086F08AE}.Release|Any CPU.ActiveCfg = Release|Any CPU
		{4A95FCC5-9999-460B-AEBC-886F086F08AE}.Release|Any CPU.Build.0 = Release|Any CPU
	EndGlobalSection
	GlobalSection(SolutionProperties) = preSolution
		HideSolutionNode = FALSE
	EndGlobalSection
	GlobalSection(ExtensibilityGlobals) = postSolution
		SolutionGuid = {D6615531-5D58-40E7-8007-3A6DA1F53668}
	EndGlobalSection
EndGlobal
